
Microsoft Visual Studio Solution File, Format Version 12.00
# Visual Studio Version 17
VisualStudioVersion = 17.10.34916.146
MinimumVisualStudioVersion = 10.0.40219.1
Project("{FAE04EC0-301F-11D3-BF4B-00C04F79EFBC}") = "24_june program", "24_june program\24_june program.csproj", "{05B30AB8-270D-4482-915A-2AA60C3D2CB5}"
EndProject
Global
	GlobalSection(SolutionConfigurationPlatforms) = preSolution
		Debug|Any CPU = Debug|Any CPU
		Release|Any CPU = Release|Any CPU
	EndGlobalSection
	GlobalSection(ProjectConfigurationPlatforms) = postSolution
		{05B30AB8-270D-4482-915A-2AA60C3D2CB5}.Debug|Any CPU.ActiveCfg = Debug|Any CPU
		{05B30AB8-270D-4482-915A-2AA60C3D2CB5}.Debug|Any CPU.Build.0 = Debug|Any CPU
		{05B30AB8-270D-4482-915A-2AA60C3D2CB5}.Release|Any CPU.ActiveCfg = Release|Any CPU
		{05B30AB8-270D-4482-915A-2AA60C3D2CB5}.Release|Any CPU.Build.0 = Release|Any CPU
	EndGlobalSection
	GlobalSection(SolutionProperties) = preSolution
		HideSolutionNode = FALSE
	EndGlobalSection
	GlobalSection(ExtensibilityGlobals) = postSolution
		SolutionGuid = {C9A9D2C4-BA0B-47FF-A4AB-CB9F584495AC}
	EndGlobalSection
EndGlobal
